PODS:
  - Alamofire (5.11.1)
  - SCCameraKit (1.46.0)
  - SCCameraKitReferenceSwiftUI (1.46.0):
    - SCCameraKitReferenceUI (~> 1.46.0)
  - SCCameraKitReferenceUI (1.46.0):
    - SCCameraKit (~> 1.46.0)

DEPENDENCIES:
  - Alamofire (~> 5.4)
  - SCCameraKit (= 1.46.0)
  - SCCameraKitReferenceSwiftUI (= 1.46.0)
  - SCCameraKitReferenceUI (= 1.46.0)

SPEC REPOS:
  trunk:
    - Alamofire
    - SCCameraKit
    - SCCameraKitReferenceSwiftUI
    - SCCameraKitReferenceUI

SPEC CHECKSUMS:
  Alamofire: eec6cd8f73b242b59e34153a606a909eb9864b14
  SCCameraKit: 39be4af199ba6d89a2722d7995e394ad2b7d7e87
  SCCameraKitReferenceSwiftUI: fb98a8348c354af86149666084872634d1f271b2
  SCCameraKitReferenceUI: c87ad89bc1054bb22629feedb657ea2c1b1f1cd4

PODFILE CHECKSUM: 4fda851318566cf510fc7b40c2bee767df8b89e0

COCOAPODS: 1.16.2
